// !$*UTF8*$!
{
	archiveVersion = 1;
	classes = {
	};
	objectVersion = 50;
	objects = {

/* Begin PBXBuildFile section */
		21FF84D22429A31F0051C0A3 /* AppDelegate.swift in Sources */ = {isa = PBXBuildFile; fileRef = 21FF84D12429A31F0051C0A3 /* AppDelegate.swift */; };
		21FF84D42429A31F0051C0A3 /* SceneDelegate.swift in Sources */ = {isa = PBXBuildFile; fileRef = 21FF84D32429A31F0051C0A3 /* SceneDelegate.swift */; };
		21FF84D92429A31F0051C0A3 /* Main.storyboard in Resources */ = {isa = PBXBuildFile; fileRef = 21FF84D72429A31F0051C0A3 /* Main.storyboard */; };
		21FF84DC2429A3200051C0A3 /* CollectionViewStudy.xcdatamodeld in Sources */ = {isa = PBXBuildFile; fileRef = 21FF84DA2429A3200051C0A3 /* CollectionViewStudy.xcdatamodeld */; };
		21FF84DE2429A3260051C0A3 /* Assets.xcassets in Resources */ = {isa = PBXBuildFile; fileRef = 21FF84DD2429A3260051C0A3 /* Assets.xcassets */; };
		21FF84E12429A3260051C0A3 /* LaunchScreen.storyboard in Resources */ = {isa = PBXBuildFile; fileRef = 21FF84DF2429A3260051C0A3 /* LaunchScreen.storyboard */; };
		21FF84EC2429A5480051C0A3 /* Collectionview.swift in Sources */ = {isa = PBXBuildFile; fileRef = 21FF84EB2429A5480051C0A3 /* Collectionview.swift */; };
		21FF84EE2429AA0B0051C0A3 /* DetailViewController.swift in Sources */ = {isa = PBXBuildFile; fileRef = 21FF84ED2429AA0B0051C0A3 /* DetailViewController.swift */; };
		21FF84F0242AFE720051C0A3 /* CollectionviewCell.swift in Sources */ = {isa = PBXBuildFile; fileRef = 21FF84EF242AFE710051C0A3 /* CollectionviewCell.swift */; };
/* End PBXBuildFile section */

/* Begin PBXFileReference section */
		21FF84CE2429A31F0051C0A3 /* CollectionViewStudy.app */ = {isa = PBXFileReference; explicitFileType = wrapper.application; includeInIndex = 0; path = CollectionViewStudy.app; sourceTree = BUILT_PRODUCTS_DIR; };
		21FF84D12429A31F0051C0A3 /* AppDelegate.swift */ = {isa = PBXFileReference; lastKnownFileType = sourcecode.swift; path = AppDelegate.swift; sourceTree = "<group>"; };
		21FF84D32429A31F0051C0A3 /* SceneDelegate.swift */ = {isa = PBXFileReference; lastKnownFileType = sourcecode.swift; path = SceneDelegate.swift; sourceTree = "<group>"; };
		21FF84D82429A31F0051C0A3 /* Base */ = {isa = PBXFileReference; lastKnownFileType = file.storyboard; name = Base; path = Base.lproj/Main.storyboard; sourceTree = "<group>"; };
		21FF84DB2429A3200051C0A3 /* CollectionViewStudy.xcdatamodel */ = {isa = PBXFileReference; lastKnownFileType = wrapper.xcdatamodel; path = CollectionViewStudy.xcdatamodel; sourceTree = "<group>"; };
		21FF84DD2429A3260051C0A3 /* Assets.xcassets */ = {isa = PBXFileReference; lastKnownFileType = folder.assetcatalog; path = Assets.xcassets; sourceTree = "<group>"; };
		21FF84E02429A3260051C0A3 /* Base */ = {isa = PBXFileReference; lastKnownFileType = file.storyboard; name = Base; path = Base.lproj/LaunchScreen.storyboard; sourceTree = "<group>"; };
		21FF84E22429A3260051C0A3 /* Info.plist */ = {isa = PBXFileReference; lastKnownFileType = text.plist.xml; path = Info.plist; sourceTree = "<group>"; };
		21FF84EB2429A5480051C0A3 /* Collectionview.swift */ = {isa = PBXFileReference; lastKnownFileType = sourcecode.swift; path = Collectionview.swift; sourceTree = "<group>"; };
		21FF84ED2429AA0B0051C0A3 /* DetailViewController.swift */ = {isa = PBXFileReference; lastKnownFileType = sourcecode.swift; path = DetailViewController.swift; sourceTree = "<group>"; };
		21FF84EF242AFE710051C0A3 /* CollectionviewCell.swift */ = {isa = PBXFileReference; lastKnownFileType = sourcecode.swift; path = CollectionviewCell.swift; sourceTree = "<group>"; };
/* End PBXFileReference section */

/* Begin PBXFrameworksBuildPhase section */
		21FF84CB2429A31F0051C0A3 /* Frameworks */ = {
			isa = PBXFrameworksBuildPhase;
			buildActionMask = 2147483647;
			files = (
			);
			runOnlyForDeploymentPostprocessing = 0;
		};
/* End PBXFrameworksBuildPhase section */

/* Begin PBXGroup section */
		21FF84C52429A31F0051C0A3 = {
			isa = PBXGroup;
			children = (
				21FF84D02429A31F0051C0A3 /* CollectionViewStudy */,
				21FF84CF2429A31F0051C0A3 /* Products */,
			);
			sourceTree = "<group>";
		};
		21FF84CF2429A31F0051C0A3 /* Products */ = {
			isa = PBXGroup;
			children = (
				21FF84CE2429A31F0051C0A3 /* CollectionViewStudy.app */,
			);
			name = Products;
			sourceTree = "<group>";
		};
		21FF84D02429A31F0051C0A3 /* CollectionViewStudy */ = {
			isa = PBXGroup;
			children = (
				21FF84D12429A31F0051C0A3 /* AppDelegate.swift */,
				21FF84D32429A31F0051C0A3 /* SceneDelegate.swift */,
				21FF84EA2429A35B0051C0A3 /* Model */,
				21FF84E92429A3560051C0A3 /* View */,
				21FF84E82429A34E0051C0A3 /* Controller */,
				21FF84D72429A31F0051C0A3 /* Main.storyboard */,
				21FF84DD2429A3260051C0A3 /* Assets.xcassets */,
				21FF84DF2429A3260051C0A3 /* LaunchScreen.storyboard */,
				21FF84E22429A3260051C0A3 /* Info.plist */,
				21FF84DA2429A3200051C0A3 /* CollectionViewStudy.xcdatamodeld */,
			);
			path = CollectionViewStudy;
			sourceTree = "<group>";
		};
		21FF84E82429A34E0051C0A3 /* Controller */ = {
			isa = PBXGroup;
			children = (
				21FF84EB2429A5480051C0A3 /* Collectionview.swift */,
				21FF84ED2429AA0B0051C0A3 /* DetailViewController.swift */,
			);
			path = Controller;
			sourceTree = "<group>";
		};
		21FF84E92429A3560051C0A3 /* View */ = {
			isa = PBXGroup;
			children = (
				21FF84EF242AFE710051C0A3 /* CollectionviewCell.swift */,
			);
			path = View;
			sourceTree = "<group>";
		};
		21FF84EA2429A35B0051C0A3 /* Model */ = {
			isa = PBXGroup;
			children = (
			);
			path = Model;
			sourceTree = "<group>";
		};
/* End PBXGroup section */

/* Begin PBXNativeTarget section */
		21FF84CD2429A31F0051C0A3 /* CollectionViewStudy */ = {
			isa = PBXNativeTarget;
			buildConfigurationList = 21FF84E52429A3260051C0A3 /* Build configuration list for PBXNativeTarget "CollectionViewStudy" */;
			buildPhases = (
				21FF84CA2429A31F0051C0A3 /* Sources */,
				21FF84CB2429A31F0051C0A3 /* Frameworks */,
				21FF84CC2429A31F0051C0A3 /* Resources */,
			);
			buildRules = (
			);
			dependencies = (
			);
			name = CollectionViewStudy;
			productName = CollectionViewStudy;
			productReference = 21FF84CE2429A31F0051C0A3 /* CollectionViewStudy.app */;
			productType = "com.apple.product-type.application";
		};
/* End PBXNativeTarget section */

/* Begin PBXProject section */
		21FF84C62429A31F0051C0A3 /* Project object */ = {
			isa = PBXProject;
			attributes = {
				LastSwiftUpdateCheck = 1130;
				LastUpgradeCheck = 1130;
				ORGANIZATIONNAME = formathead;
				TargetAttributes = {
					21FF84CD2429A31F0051C0A3 = {
						CreatedOnToolsVersion = 11.3.1;
					};
				};
			};
			buildConfigurationList = 21FF84C92429A31F0051C0A3 /* Build configuration list for PBXProject "CollectionViewStudy" */;
			compatibilityVersion = "Xcode 9.3";
			developmentRegion = en;
			hasScannedForEncodings = 0;
			knownRegions = (
				en,
				Base,
			);
			mainGroup = 21FF84C52429A31F0051C0A3;
			productRefGroup = 21FF84CF2429A31F0051C0A3 /* Products */;
			projectDirPath = "";
			projectRoot = "";
			targets = (
				21FF84CD2429A31F0051C0A3 /* CollectionViewStudy */,
			);
		};
/* End PBXProject section */

/* Begin PBXResourcesBuildPhase section */
		21FF84CC2429A31F0051C0A3 /* Resources */ = {
			isa = PBXResourcesBuildPhase;
			buildActionMask = 2147483647;
			files = (
				21FF84E12429A3260051C0A3 /* LaunchScreen.storyboard in Resources */,
				21FF84DE2429A3260051C0A3 /* Assets.xcassets in Resources */,
				21FF84D92429A31F0051C0A3 /* Main.storyboard in Resources */,
			);
			runOnlyForDeploymentPostprocessing = 0;
		};
/* End PBXResourcesBuildPhase section */

/* Begin PBXSourcesBuildPhase section */
		21FF84CA2429A31F0051C0A3 /* Sources */ = {
			isa = PBXSourcesBuildPhase;
			buildActionMask = 2147483647;
			files = (
				21FF84DC2429A3200051C0A3 /* CollectionViewStudy.xcdatamodeld in Sources */,
				21FF84D22429A31F0051C0A3 /* AppDelegate.swift in Sources */,
				21FF84F0242AFE720051C0A3 /* CollectionviewCell.swift in Sources */,
				21FF84EE2429AA0B0051C0A3 /* DetailViewController.swift in Sources */,
				21FF84EC2429A5480051C0A3 /* Collectionview.swift in Sources */,
				21FF84D42429A31F0051C0A3 /* SceneDelegate.swift in Sources */,
			);
			runOnlyForDeploymentPostprocessing = 0;
		};
/* End PBXSourcesBuildPhase section */

/* Begin PBXVariantGroup section */
		21FF84D72429A31F0051C0A3 /* Main.storyboard */ = {
			isa = PBXVariantGroup;
			children = (
				21FF84D82429A31F0051C0A3 /* Base */,
			);
			name = Main.storyboard;
			sourceTree = "<group>";
		};
		21FF84DF2429A3260051C0A3 /* LaunchScreen.storyboard */ = {
			isa = PBXVariantGroup;
			children = (
				21FF84E02429A3260051C0A3 /* Base */,
			);
			name = LaunchScreen.storyboard;
			sourceTree = "<group>";
		};
/* End PBXVariantGroup section */

/* Begin XCBuildConfiguration section */
		21FF84E32429A3260051C0A3 /* Debug */ = {
			isa = XCBuildConfiguration;
			buildSettings = {
				ALWAYS_SEARCH_USER_PATHS = NO;
				CLANG_ANALYZER_NONNULL = YES;
				CLANG_ANALYZER_NUMBER_OBJECT_CONVERSION = YES_AGGRESSIVE;
				CLANG_CXX_LANGUAGE_STANDARD = "gnu++14";
				CLANG_CXX_LIBRARY = "libc++";
				CLANG_ENABLE_MODULES = YES;
				CLANG_ENABLE_OBJC_ARC = YES;
				CLANG_ENABLE_OBJC_WEAK = YES;
				CLANG_WARN_BLOCK_CAPTURE_AUTORELEASING = YES;
				CLANG_WARN_BOOL_CONVERSION = YES;
				CLANG_WARN_COMMA = YES;
				CLANG_WARN_CONSTANT_CONVERSION = YES;
				CLANG_WARN_DEPRECATED_OBJC_IMPLEMENTATIONS = YES;
				CLANG_WARN_DIRECT_OBJC_ISA_USAGE = YES_ERROR;
				CLANG_WARN_DOCUMENTATION_COMMENTS = YES;
				CLANG_WARN_EMPTY_BODY = YES;
				CLANG_WARN_ENUM_CONVERSION = YES;
				CLANG_WARN_INFINITE_RECURSION = YES;
				CLANG_WARN_INT_CONVERSION = YES;
				CLANG_WARN_NON_LITERAL_NULL_CONVERSION = YES;
				CLANG_WARN_OBJC_IMPLICIT_RETAIN_SELF = YES;
				CLANG_WARN_OBJC_LITERAL_CONVERSION = YES;
				CLANG_WARN_OBJC_ROOT_CLASS = YES_ERROR;
				CLANG_WARN_RANGE_LOOP_ANALYSIS = YES;
				CLANG_WARN_STRICT_PROTOTYPES = YES;
				CLANG_WARN_SUSPICIOUS_MOVE = YES;
				CLANG_WARN_UNGUARDED_AVAILABILITY = YES_AGGRESSIVE;
				CLANG_WARN_UNREACHABLE_CODE = YES;
				CLANG_WARN__DUPLICATE_METHOD_MATCH = YES;
				COPY_PHASE_STRIP = NO;
				DEBUG_INFORMATION_FORMAT = dwarf;
				ENABLE_STRICT_OBJC_MSGSEND = YES;
				ENABLE_TESTABILITY = YES;
				GCC_C_LANGUAGE_STANDARD = gnu11;
				GCC_DYNAMIC_NO_PIC = NO;
				GCC_NO_COMMON_BLOCKS = YES;
				GCC_OPTIMIZATION_LEVEL = 0;
				GCC_PREPROCESSOR_DEFINITIONS = (
					"DEBUG=1",
					"$(inherited)",
				);
				GCC_WARN_64_TO_32_BIT_CONVERSION = YES;
				GCC_WARN_ABOUT_RETURN_TYPE = YES_ERROR;
				GCC_WARN_UNDECLARED_SELECTOR = YES;
				GCC_WARN_UNINITIALIZED_AUTOS = YES_AGGRESSIVE;
				GCC_WARN_UNUSED_FUNCTION = YES;
				GCC_WARN_UNUSED_VARIABLE = YES;
				IPHONEOS_DEPLOYMENT_TARGET = 13.2;
				MTL_ENABLE_DEBUG_INFO = INCLUDE_SOURCE;
				MTL_FAST_MATH = YES;
				ONLY_ACTIVE_ARCH = YES;
				SDKROOT = iphoneos;
				SWIFT_ACTIVE_COMPILATION_CONDITIONS = DEBUG;
				SWIFT_OPTIMIZATION_LEVEL = "-Onone";
			};
			name = Debug;
		};
		21FF84E42429A3260051C0A3 /* Release */ = {
			isa = XCBuildConfiguration;
			buildSettings = {
				ALWAYS_SEARCH_USER_PATHS = NO;
				CLANG_ANALYZER_NONNULL = YES;
				CLANG_ANALYZER_NUMBER_OBJECT_CONVERSION = YES_AGGRESSIVE;
				CLANG_CXX_LANGUAGE_STANDARD = "gnu++14";
				CLANG_CXX_LIBRARY = "libc++";
				CLANG_ENABLE_MODULES = YES;
				CLANG_ENABLE_OBJC_ARC = YES;
				CLANG_ENABLE_OBJC_WEAK = YES;
				CLANG_WARN_BLOCK_CAPTURE_AUTORELEASING = YES;
				CLANG_WARN_BOOL_CONVERSION = YES;
				CLANG_WARN_COMMA = YES;
				CLANG_WARN_CONSTANT_CONVERSION = YES;
				CLANG_WARN_DEPRECATED_OBJC_IMPLEMENTATIONS = YES;
				CLANG_WARN_DIRECT_OBJC_ISA_USAGE = YES_ERROR;
				CLANG_WARN_DOCUMENTATION_COMMENTS = YES;
				CLANG_WARN_EMPTY_BODY = YES;
				CLANG_WARN_ENUM_CONVERSION = YES;
				CLANG_WARN_INFINITE_RECURSION = YES;
				CLANG_WARN_INT_CONVERSION = YES;
				CLANG_WARN_NON_LITERAL_NULL_CONVERSION = YES;
				CLANG_WARN_OBJC_IMPLICIT_RETAIN_SELF = YES;
				CLANG_WARN_OBJC_LITERAL_CONVERSION = YES;
				CLANG_WARN_OBJC_ROOT_CLASS = YES_ERROR;
				CLANG_WARN_RANGE_LOOP_ANALYSIS = YES;
				CLANG_WARN_STRICT_PROTOTYPES = YES;
				CLANG_WARN_SUSPICIOUS_MOVE = YES;
				CLANG_WARN_UNGUARDED_AVAILABILITY = YES_AGGRESSIVE;
				CLANG_WARN_UNREACHABLE_CODE = YES;
				CLANG_WARN__DUPLICATE_METHOD_MATCH = YES;
				COPY_PHASE_STRIP = NO;
				DEBUG_INFORMATION_FORMAT = "dwarf-with-dsym";
				ENABLE_NS_ASSERTIONS = NO;
				ENABLE_STRICT_OBJC_MSGSEND = YES;
				GCC_C_LANGUAGE_STANDARD = gnu11;
				GCC_NO_COMMON_BLOCKS = YES;
				GCC_WARN_64_TO_32_BIT_CONVERSION = YES;
				GCC_WARN_ABOUT_RETURN_TYPE = YES_ERROR;
				GCC_WARN_UNDECLARED_SELECTOR = YES;
				GCC_WARN_UNINITIALIZED_AUTOS = YES_AGGRESSIVE;
				GCC_WARN_UNUSED_FUNCTION = YES;
				GCC_WARN_UNUSED_VARIABLE = YES;
				IPHONEOS_DEPLOYMENT_TARGET = 13.2;
				MTL_ENABLE_DEBUG_INFO = NO;
				MTL_FAST_MATH = YES;
				SDKROOT = iphoneos;
				SWIFT_COMPILATION_MODE = wholemodule;
				SWIFT_OPTIMIZATION_LEVEL = "-O";
				VALIDATE_PRODUCT = YES;
			};
			name = Release;
		};
		21FF84E62429A3260051C0A3 /* Debug */ = {
			isa = XCBuildConfiguration;
			buildSettings = {
				ASSETCATALOG_COMPILER_APPICON_NAME = AppIcon;
				CODE_SIGN_STYLE = Automatic;
				DEVELOPMENT_TEAM = KRST987SET;
				INFOPLIST_FILE = CollectionViewStudy/Info.plist;
				LD_RUNPATH_SEARCH_PATHS = (
					"$(inherited)",
					"@executable_path/Frameworks",
				);
				PRODUCT_BUNDLE_IDENTIFIER = Chul.CollectionViewStudy;
				PRODUCT_NAME = "$(TARGET_NAME)";
				SWIFT_VERSION = 5.0;
				TARGETED_DEVICE_FAMILY = "1,2";
			};
			name = Debug;
		};
		21FF84E72429A3260051C0A3 /* Release */ = {
			isa = XCBuildConfiguration;
			buildSettings = {
				ASSETCATALOG_COMPILER_APPICON_NAME = AppIcon;
				CODE_SIGN_STYLE = Automatic;
				DEVELOPMENT_TEAM = KRST987SET;
				INFOPLIST_FILE = CollectionViewStudy/Info.plist;
				LD_RUNPATH_SEARCH_PATHS = (
					"$(inherited)",
					"@executable_path/Frameworks",
				);
				PRODUCT_BUNDLE_IDENTIFIER = Chul.CollectionViewStudy;
				PRODUCT_NAME = "$(TARGET_NAME)";
				SWIFT_VERSION = 5.0;
				TARGETED_DEVICE_FAMILY = "1,2";
			};
			name = Release;
		};
/* End XCBuildConfiguration section */

/* Begin XCConfigurationList section */
		21FF84C92429A31F0051C0A3 /* Build configuration list for PBXProject "CollectionViewStudy" */ = {
			isa = XCConfigurationList;
			buildConfigurations = (
				21FF84E32429A3260051C0A3 /* Debug */,
				21FF84E42429A3260051C0A3 /* Release */,
			);
			defaultConfigurationIsVisible = 0;
			defaultConfigurationName = Release;
		};
		21FF84E52429A3260051C0A3 /* Build configuration list for PBXNativeTarget "CollectionViewStudy" */ = {
			isa = XCConfigurationList;
			buildConfigurations = (
				21FF84E62429A3260051C0A3 /* Debug */,
				21FF84E72429A3260051C0A3 /* Release */,
			);
			defaultConfigurationIsVisible = 0;
			defaultConfigurationName = Release;
		};
/* End XCConfigurationList section */

/* Begin XCVersionGroup section */
		21FF84DA2429A3200051C0A3 /* CollectionViewStudy.xcdatamodeld */ = {
			isa = XCVersionGroup;
			children = (
				21FF84DB2429A3200051C0A3 /* CollectionViewStudy.xcdatamodel */,
			);
			currentVersion = 21FF84DB2429A3200051C0A3 /* CollectionViewStudy.xcdatamodel */;
			path = CollectionViewStudy.xcdatamodeld;
			sourceTree = "<group>";
			versionGroupType = wrapper.xcdatamodel;
		};
/* End XCVersionGroup section */
	};
	rootObject = 21FF84C62429A31F0051C0A3 /* Project object */;
}
